github.com/anaregdesign/custom-skill-builder v0.0.4 h1:B8tkkvYB+4fy79bszrk6orZsUWQh1s6Ca3omPnMeIp8=
github.com/anaregdesign/custom-skill-builder v0.0.4/go.mod h1:J7pkLMvb5HrH5MprkFlB2LVO7It2oxY90sLmaBisySY=
github.com/anaregdesign/go-aoai v0.0.4 h1:+kgYuVKvSgC4GsRTMApVxWVB/AesV5bA5bVK4mi6vtU=
github.com/anaregdesign/go-aoai v0.0.4/go.mod h1:OOMnN/Hb+tgYPZFwZv9u61nl63xq0MKQ/CcZlbuYUFg=
